PODS:
  - FlutterMacOS (1.0.0)
  - screen_retriever_ffi (0.0.1):
    - FlutterMacOS

DEPENDENCIES:
  - FlutterMacOS (from `Flutter/ephemeral`)
  - screen_retriever_ffi (from `Flutter/ephemeral/.symlinks/plugins/screen_retriever_ffi/macos`)

EXTERNAL SOURCES:
  FlutterMacOS:
    :path: Flutter/ephemeral
  screen_retriever_ffi:
    :path: Flutter/ephemeral/.symlinks/plugins/screen_retriever_ffi/macos

SPEC CHECKSUMS:
  FlutterMacOS: 8f6f14fa908a6fb3fba0cd85dbd81ec4b251fb24
  screen_retriever_ffi: 27e5f36a0be0b643507d89951f561e0fb0119847

PODFILE CHECKSUM: 7eb978b976557c8c1cd717d8185ec483fd090a82

COCOAPODS: 1.14.3
